
Microsoft Visual Studio Solution File, Format Version 12.00
# Visual Studio Version 16
VisualStudioVersion = 16.0.30204.135
MinimumVisualStudioVersion = 10.0.40219.1
Project("{FAE04EC0-301F-11D3-BF4B-00C04F79EFBC}") = "lms", "lms\lms.csproj", "{3991A91D-B712-4574-878E-48027E58EAEB}"
EndProject
Global
	GlobalSection(SolutionConfigurationPlatforms) = preSolution
		Debug|Any CPU = Debug|Any CPU
		Release|Any CPU = Release|Any CPU
	EndGlobalSection
	GlobalSection(ProjectConfigurationPlatforms) = postSolution
		{3991A91D-B712-4574-878E-48027E58EAEB}.Debug|Any CPU.ActiveCfg = Debug|Any CPU
		{3991A91D-B712-4574-878E-48027E58EAEB}.Debug|Any CPU.Build.0 = Debug|Any CPU
		{3991A91D-B712-4574-878E-48027E58EAEB}.Release|Any CPU.ActiveCfg = Release|Any CPU
		{3991A91D-B712-4574-878E-48027E58EAEB}.Release|Any CPU.Build.0 = Release|Any CPU
	EndGlobalSection
	GlobalSection(SolutionProperties) = preSolution
		HideSolutionNode = FALSE
	EndGlobalSection
	GlobalSection(ExtensibilityGlobals) = postSolution
		SolutionGuid = {CCE94491-37F4-4194-A1A0-2534D9B9260E}
	EndGlobalSection
EndGlobal
